
Microsoft Visual Studio Solution File, Format Version 12.00
# Visual Studio Version 16
VisualStudioVersion = 16.0.31515.178
MinimumVisualStudioVersion = 10.0.40219.1
Project("{FAE04EC0-301F-11D3-BF4B-00C04F79EFBC}") = "MediatRDemo.Domain", "src\MediatRDemo.Domain\MediatRDemo.Domain.csproj", "{8119CAD8-AFB6-409A-B6F9-D651B204BF00}"
EndProject
Project("{FAE04EC0-301F-11D3-BF4B-00C04F79EFBC}") = "MediatRDemo.WebApi", "src\MediatRDemo.WebApi\MediatRDemo.WebApi.csproj", "{3838C4F1-76C4-405B-887A-57EF478144C7}"
EndProject
Project("{FAE04EC0-301F-11D3-BF4B-00C04F79EFBC}") = "MediatRDemo.Application", "src\MediatRDemo.Application\MediatRDemo.Application.csproj", "{7A121951-F136-4A3B-B4A7-51E0FDC2E9B1}"
EndProject
Project("{FAE04EC0-301F-11D3-BF4B-00C04F79EFBC}") = "MediatRDemo.Infrastructure", "src\MediatRDemo.Infrastructure\MediatRDemo.Infrastructure.csproj", "{3E70FF49-3C8C-4077-B24D-C6C3F68D0E0B}"
EndProject
Global
	GlobalSection(SolutionConfigurationPlatforms) = preSolution
		Debug|Any CPU = Debug|Any CPU
		Release|Any CPU = Release|Any CPU
	EndGlobalSection
	GlobalSection(ProjectConfigurationPlatforms) = postSolution
		{8119CAD8-AFB6-409A-B6F9-D651B204BF00}.Debug|Any CPU.ActiveCfg = Debug|Any CPU
		{8119CAD8-AFB6-409A-B6F9-D651B204BF00}.Debug|Any CPU.Build.0 = Debug|Any CPU
		{8119CAD8-AFB6-409A-B6F9-D651B204BF00}.Release|Any CPU.ActiveCfg = Release|Any CPU
		{8119CAD8-AFB6-409A-B6F9-D651B204BF00}.Release|Any CPU.Build.0 = Release|Any CPU
		{3838C4F1-76C4-405B-887A-57EF478144C7}.Debug|Any CPU.ActiveCfg = Debug|Any CPU
		{3838C4F1-76C4-405B-887A-57EF478144C7}.Debug|Any CPU.Build.0 = Debug|Any CPU
		{3838C4F1-76C4-405B-887A-57EF478144C7}.Release|Any CPU.ActiveCfg = Release|Any CPU
		{3838C4F1-76C4-405B-887A-57EF478144C7}.Release|Any CPU.Build.0 = Release|Any CPU
		{7A121951-F136-4A3B-B4A7-51E0FDC2E9B1}.Debug|Any CPU.ActiveCfg = Debug|Any CPU
		{7A121951-F136-4A3B-B4A7-51E0FDC2E9B1}.Debug|Any CPU.Build.0 = Debug|Any CPU
		{7A121951-F136-4A3B-B4A7-51E0FDC2E9B1}.Release|Any CPU.ActiveCfg = Release|Any CPU
		{7A121951-F136-4A3B-B4A7-51E0FDC2E9B1}.Release|Any CPU.Build.0 = Release|Any CPU
		{3E70FF49-3C8C-4077-B24D-C6C3F68D0E0B}.Debug|Any CPU.ActiveCfg = Debug|Any CPU
		{3E70FF49-3C8C-4077-B24D-C6C3F68D0E0B}.Debug|Any CPU.Build.0 = Debug|Any CPU
		{3E70FF49-3C8C-4077-B24D-C6C3F68D0E0B}.Release|Any CPU.ActiveCfg = Release|Any CPU
		{3E70FF49-3C8C-4077-B24D-C6C3F68D0E0B}.Release|Any CPU.Build.0 = Release|Any CPU
	EndGlobalSection
	GlobalSection(SolutionProperties) = preSolution
		HideSolutionNode = FALSE
	EndGlobalSection
	GlobalSection(ExtensibilityGlobals) = postSolution
		SolutionGuid = {E34A8E04-54D0-4B25-BF0B-D0B63A7CD4FC}
	EndGlobalSection
EndGlobal
